
Microsoft Visual Studio Solution File, Format Version 12.00
# Visual Studio Version 16
VisualStudioVersion = 16.0.29123.88
MinimumVisualStudioVersion = 10.0.40219.1
Project("{FAE04EC0-301F-11D3-BF4B-00C04F79EFBC}") = "DnDApp", "DnDApp\DnDApp.csproj", "{6BC0F2E4-193A-4D10-AB77-B8805B1E5B4A}"
EndProject
Global
	GlobalSection(SolutionConfigurationPlatforms) = preSolution
		Debug|Any CPU = Debug|Any CPU
		Release|Any CPU = Release|Any CPU
	EndGlobalSection
	GlobalSection(ProjectConfigurationPlatforms) = postSolution
		{6BC0F2E4-193A-4D10-AB77-B8805B1E5B4A}.Debug|Any CPU.ActiveCfg = Debug|Any CPU
		{6BC0F2E4-193A-4D10-AB77-B8805B1E5B4A}.Debug|Any CPU.Build.0 = Debug|Any CPU
		{6BC0F2E4-193A-4D10-AB77-B8805B1E5B4A}.Release|Any CPU.ActiveCfg = Release|Any CPU
		{6BC0F2E4-193A-4D10-AB77-B8805B1E5B4A}.Release|Any CPU.Build.0 = Release|Any CPU
	EndGlobalSection
	GlobalSection(SolutionProperties) = preSolution
		HideSolutionNode = FALSE
	EndGlobalSection
	GlobalSection(ExtensibilityGlobals) = postSolution
		SolutionGuid = {ED9286E5-0B3B-4DCF-B8F3-104370C0B32D}
	EndGlobalSection
EndGlobal
